
Microsoft Visual Studio Solution File, Format Version 12.00
# Visual Studio 2013
VisualStudioVersion = 12.0.21005.1
MinimumVisualStudioVersion = 10.0.40219.1
Project("{FAE04EC0-301F-11D3-BF4B-00C04F79EFBC}") = "WebAPITestAPP", "WebAPITestAPP\WebAPITestAPP.csproj", "{369FF85B-A03A-4693-8319-5A530C4D7392}"
EndProject
Global
	GlobalSection(SolutionConfigurationPlatforms) = preSolution
		Debug|Any CPU = Debug|Any CPU
		Release|Any CPU = Release|Any CPU
	EndGlobalSection
	GlobalSection(ProjectConfigurationPlatforms) = postSolution
		{369FF85B-A03A-4693-8319-5A530C4D7392}.Debug|Any CPU.ActiveCfg = Debug|Any CPU
		{369FF85B-A03A-4693-8319-5A530C4D7392}.Debug|Any CPU.Build.0 = Debug|Any CPU
		{369FF85B-A03A-4693-8319-5A530C4D7392}.Release|Any CPU.ActiveCfg = Release|Any CPU
		{369FF85B-A03A-4693-8319-5A530C4D7392}.Release|Any CPU.Build.0 = Release|Any CPU
	EndGlobalSection
	GlobalSection(SolutionProperties) = preSolution
		HideSolutionNode = FALSE
	EndGlobalSection
EndGlobal
